
Microsoft Visual Studio Solution File, Format Version 12.00
# Visual Studio Version 16
VisualStudioVersion = 16.0.30114.105
MinimumVisualStudioVersion = 10.0.40219.1
Project("{FAE04EC0-301F-11D3-BF4B-00C04F79EFBC}") = "API", "API\API.csproj", "{7C159020-5886-481D-BF33-F9185F667CB1}"
EndProject
Project("{FAE04EC0-301F-11D3-BF4B-00C04F79EFBC}") = "Application", "Application\Application.csproj", "{74BF33D7-94A4-4624-AE48-A43A1A6F53CE}"
EndProject
Project("{FAE04EC0-301F-11D3-BF4B-00C04F79EFBC}") = "Persistance", "Persistence\Persistance.csproj", "{1DB6F735-B512-4334-8EB3-02FC02664FBB}"
EndProject
Project("{FAE04EC0-301F-11D3-BF4B-00C04F79EFBC}") = "Domain", "Domain\Domain.csproj", "{1732B9DE-CB50-410A-884B-8BF7544C519C}"
EndProject
Global
	GlobalSection(SolutionConfigurationPlatforms) = preSolution
		Debug|Any CPU = Debug|Any CPU
		Release|Any CPU = Release|Any CPU
	EndGlobalSection
	GlobalSection(SolutionProperties) = preSolution
		HideSolutionNode = FALSE
	EndGlobalSection
	GlobalSection(ProjectConfigurationPlatforms) = postSolution
		{7C159020-5886-481D-BF33-F9185F667CB1}.Debug|Any CPU.ActiveCfg = Debug|Any CPU
		{7C159020-5886-481D-BF33-F9185F667CB1}.Debug|Any CPU.Build.0 = Debug|Any CPU
		{7C159020-5886-481D-BF33-F9185F667CB1}.Release|Any CPU.ActiveCfg = Release|Any CPU
		{7C159020-5886-481D-BF33-F9185F667CB1}.Release|Any CPU.Build.0 = Release|Any CPU
		{74BF33D7-94A4-4624-AE48-A43A1A6F53CE}.Debug|Any CPU.ActiveCfg = Debug|Any CPU
		{74BF33D7-94A4-4624-AE48-A43A1A6F53CE}.Debug|Any CPU.Build.0 = Debug|Any CPU
		{74BF33D7-94A4-4624-AE48-A43A1A6F53CE}.Release|Any CPU.ActiveCfg = Release|Any CPU
		{74BF33D7-94A4-4624-AE48-A43A1A6F53CE}.Release|Any CPU.Build.0 = Release|Any CPU
		{1DB6F735-B512-4334-8EB3-02FC02664FBB}.Debug|Any CPU.ActiveCfg = Debug|Any CPU
		{1DB6F735-B512-4334-8EB3-02FC02664FBB}.Debug|Any CPU.Build.0 = Debug|Any CPU
		{1DB6F735-B512-4334-8EB3-02FC02664FBB}.Release|Any CPU.ActiveCfg = Release|Any CPU
		{1DB6F735-B512-4334-8EB3-02FC02664FBB}.Release|Any CPU.Build.0 = Release|Any CPU
		{1732B9DE-CB50-410A-884B-8BF7544C519C}.Debug|Any CPU.ActiveCfg = Debug|Any CPU
		{1732B9DE-CB50-410A-884B-8BF7544C519C}.Debug|Any CPU.Build.0 = Debug|Any CPU
		{1732B9DE-CB50-410A-884B-8BF7544C519C}.Release|Any CPU.ActiveCfg = Release|Any CPU
		{1732B9DE-CB50-410A-884B-8BF7544C519C}.Release|Any CPU.Build.0 = Release|Any CPU
	EndGlobalSection
EndGlobal
